
Microsoft Visual Studio Solution File, Format Version 12.00
# Visual Studio Version 17
VisualStudioVersion = 17.11.35222.181
MinimumVisualStudioVersion = 10.0.40219.1
Project("{8BC9CEB8-8B4A-11D0-8D11-00A0C91BC942}") = "lab 6 graph", "lab 6 graph.vcxproj", "{BB533488-C21A-45DE-AD01-9FEEB54CE32D}"
EndProject
Global
	GlobalSection(SolutionConfigurationPlatforms) = preSolution
		Debug|x64 = Debug|x64
		Debug|x86 = Debug|x86
		Release|x64 = Release|x64
		Release|x86 = Release|x86
	EndGlobalSection
	GlobalSection(ProjectConfigurationPlatforms) = postSolution
		{BB533488-C21A-45DE-AD01-9FEEB54CE32D}.Debug|x64.ActiveCfg = Debug|x64
		{BB533488-C21A-45DE-AD01-9FEEB54CE32D}.Debug|x64.Build.0 = Debug|x64
		{BB533488-C21A-45DE-AD01-9FEEB54CE32D}.Debug|x86.ActiveCfg = Debug|Win32
		{BB533488-C21A-45DE-AD01-9FEEB54CE32D}.Debug|x86.Build.0 = Debug|Win32
		{BB533488-C21A-45DE-AD01-9FEEB54CE32D}.Release|x64.ActiveCfg = Release|x64
		{BB533488-C21A-45DE-AD01-9FEEB54CE32D}.Release|x64.Build.0 = Release|x64
		{BB533488-C21A-45DE-AD01-9FEEB54CE32D}.Release|x86.ActiveCfg = Release|Win32
		{BB533488-C21A-45DE-AD01-9FEEB54CE32D}.Release|x86.Build.0 = Release|Win32
	EndGlobalSection
	GlobalSection(SolutionProperties) = preSolution
		HideSolutionNode = FALSE
	EndGlobalSection
	GlobalSection(ExtensibilityGlobals) = postSolution
		SolutionGuid = {8A728B8F-B695-428C-978D-2AF2F21F4299}
	EndGlobalSection
EndGlobal
